
Microsoft Visual Studio Solution File, Format Version 12.00
# Visual Studio Version 17
VisualStudioVersion = 17.7.34031.279
MinimumVisualStudioVersion = 10.0.40219.1
Project("{FAE04EC0-301F-11D3-BF4B-00C04F79EFBC}") = "10.09", "10.09\10.09.csproj", "{68D59A91-EDA6-4FC8-A5DC-F6ED417C9329}"
EndProject
Global
	GlobalSection(SolutionConfigurationPlatforms) = preSolution
		Debug|Any CPU = Debug|Any CPU
		Release|Any CPU = Release|Any CPU
	EndGlobalSection
	GlobalSection(ProjectConfigurationPlatforms) = postSolution
		{68D59A91-EDA6-4FC8-A5DC-F6ED417C9329}.Debug|Any CPU.ActiveCfg = Debug|Any CPU
		{68D59A91-EDA6-4FC8-A5DC-F6ED417C9329}.Debug|Any CPU.Build.0 = Debug|Any CPU
		{68D59A91-EDA6-4FC8-A5DC-F6ED417C9329}.Release|Any CPU.ActiveCfg = Release|Any CPU
		{68D59A91-EDA6-4FC8-A5DC-F6ED417C9329}.Release|Any CPU.Build.0 = Release|Any CPU
	EndGlobalSection
	GlobalSection(SolutionProperties) = preSolution
		HideSolutionNode = FALSE
	EndGlobalSection
	GlobalSection(ExtensibilityGlobals) = postSolution
		SolutionGuid = {05148360-9F5B-479A-A232-8D16E2724E6B}
	EndGlobalSection
EndGlobal
